
Microsoft Visual Studio Solution File, Format Version 12.00
# Visual Studio Version 16
VisualStudioVersion = 16.0.31313.79
MinimumVisualStudioVersion = 10.0.40219.1
Project("{FAE04EC0-301F-11D3-BF4B-00C04F79EFBC}") = "Question_1", "Question_1\Question_1.csproj", "{15933303-C0D9-4358-9CC1-79D798547077}"
EndProject
Global
	GlobalSection(SolutionConfigurationPlatforms) = preSolution
		Debug|Any CPU = Debug|Any CPU
		Release|Any CPU = Release|Any CPU
	EndGlobalSection
	GlobalSection(ProjectConfigurationPlatforms) = postSolution
		{15933303-C0D9-4358-9CC1-79D798547077}.Debug|Any CPU.ActiveCfg = Debug|Any CPU
		{15933303-C0D9-4358-9CC1-79D798547077}.Debug|Any CPU.Build.0 = Debug|Any CPU
		{15933303-C0D9-4358-9CC1-79D798547077}.Release|Any CPU.ActiveCfg = Release|Any CPU
		{15933303-C0D9-4358-9CC1-79D798547077}.Release|Any CPU.Build.0 = Release|Any CPU
	EndGlobalSection
	GlobalSection(SolutionProperties) = preSolution
		HideSolutionNode = FALSE
	EndGlobalSection
	GlobalSection(ExtensibilityGlobals) = postSolution
		SolutionGuid = {A8D84319-A60B-4F9F-8728-B77230806113}
	EndGlobalSection
EndGlobal
